// !$*UTF8*$!
{
	archiveVersion = 1;
	classes = {
	};
	objectVersion = 56;
	objects = {

/* Begin PBXBuildFile section */
		4AD977082B7454940073CB1C /* TabBarController.swift in Sources */ = {isa = PBXBuildFile; fileRef = 4AD977072B7454940073CB1C /* TabBarController.swift */; };
		4AD9770A2B7455EF0073CB1C /* MarvelClient.swift in Sources */ = {isa = PBXBuildFile; fileRef = 4AD977092B7455EF0073CB1C /* MarvelClient.swift */; };
		4AD9770D2B758C940073CB1C /* String+MD5.swift in Sources */ = {isa = PBXBuildFile; fileRef = 4AD9770C2B758C930073CB1C /* String+MD5.swift */; };
		4AD9770F2B7590820073CB1C /* CharacterDataWrapper.swift in Sources */ = {isa = PBXBuildFile; fileRef = 4AD9770E2B7590820073CB1C /* CharacterDataWrapper.swift */; };
		4AD977112B7598D20073CB1C /* SearchCharactersViewController.swift in Sources */ = {isa = PBXBuildFile; fileRef = 4AD977102B7598D20073CB1C /* SearchCharactersViewController.swift */; };
		4AD977162B759A2F0073CB1C /* SearchCharactersView.swift in Sources */ = {isa = PBXBuildFile; fileRef = 4AD977152B759A2F0073CB1C /* SearchCharactersView.swift */; };
		4AD977182B7815BD0073CB1C /* SearchCharactersView+SearchBarDelegate.swift in Sources */ = {isa = PBXBuildFile; fileRef = 4AD977172B7815BD0073CB1C /* SearchCharactersView+SearchBarDelegate.swift */; };
		4AD9771A2B7819120073CB1C /* SearchCharactersView+TableView.swift in Sources */ = {isa = PBXBuildFile; fileRef = 4AD977192B7819120073CB1C /* SearchCharactersView+TableView.swift */; };
		4AD9771D2B781A590073CB1C /* CharacterTableViewCell.swift in Sources */ = {isa = PBXBuildFile; fileRef = 4AD9771C2B781A590073CB1C /* CharacterTableViewCell.swift */; };
		4AD9771F2B7825500073CB1C /* SearchCharacterViewModel.swift in Sources */ = {isa = PBXBuildFile; fileRef = 4AD9771E2B7825500073CB1C /* SearchCharacterViewModel.swift */; };
		4AD977212B7EF1740073CB1C /* CharacterDetailsViewController.swift in Sources */ = {isa = PBXBuildFile; fileRef = 4AD977202B7EF1740073CB1C /* CharacterDetailsViewController.swift */; };
		4AD977242B7EF1970073CB1C /* CharacterDetailsView.swift in Sources */ = {isa = PBXBuildFile; fileRef = 4AD977232B7EF1970073CB1C /* CharacterDetailsView.swift */; };
		4AEA580F2B7448D400EB5E80 /* AppDelegate.swift in Sources */ = {isa = PBXBuildFile; fileRef = 4AEA580E2B7448D400EB5E80 /* AppDelegate.swift */; };
		4AEA58112B7448D400EB5E80 /* SceneDelegate.swift in Sources */ = {isa = PBXBuildFile; fileRef = 4AEA58102B7448D400EB5E80 /* SceneDelegate.swift */; };
		4AEA58182B7448D400EB5E80 /* Assets.xcassets in Resources */ = {isa = PBXBuildFile; fileRef = 4AEA58172B7448D400EB5E80 /* Assets.xcassets */; };
		4AEA581B2B7448D400EB5E80 /* LaunchScreen.storyboard in Resources */ = {isa = PBXBuildFile; fileRef = 4AEA58192B7448D400EB5E80 /* LaunchScreen.storyboard */; };
/* End PBXBuildFile section */

/* Begin PBXFileReference section */
		4AD977072B7454940073CB1C /* TabBarController.swift */ = {isa = PBXFileReference; lastKnownFileType = sourcecode.swift; path = TabBarController.swift; sourceTree = "<group>"; };
		4AD977092B7455EF0073CB1C /* MarvelClient.swift */ = {isa = PBXFileReference; lastKnownFileType = sourcecode.swift; path = MarvelClient.swift; sourceTree = "<group>"; };
		4AD9770C2B758C930073CB1C /* String+MD5.swift */ = {isa = PBXFileReference; lastKnownFileType = sourcecode.swift; path = "String+MD5.swift"; sourceTree = "<group>"; };
		4AD9770E2B7590820073CB1C /* CharacterDataWrapper.swift */ = {isa = PBXFileReference; lastKnownFileType = sourcecode.swift; path = CharacterDataWrapper.swift; sourceTree = "<group>"; };
		4AD977102B7598D20073CB1C /* SearchCharactersViewController.swift */ = {isa = PBXFileReference; lastKnownFileType = sourcecode.swift; path = SearchCharactersViewController.swift; sourceTree = "<group>"; };
		4AD977152B759A2F0073CB1C /* SearchCharactersView.swift */ = {isa = PBXFileReference; lastKnownFileType = sourcecode.swift; path = SearchCharactersView.swift; sourceTree = "<group>"; };
		4AD977172B7815BD0073CB1C /* SearchCharactersView+SearchBarDelegate.swift */ = {isa = PBXFileReference; lastKnownFileType = sourcecode.swift; path = "SearchCharactersView+SearchBarDelegate.swift"; sourceTree = "<group>"; };
		4AD977192B7819120073CB1C /* SearchCharactersView+TableView.swift */ = {isa = PBXFileReference; lastKnownFileType = sourcecode.swift; path = "SearchCharactersView+TableView.swift"; sourceTree = "<group>"; };
		4AD9771C2B781A590073CB1C /* CharacterTableViewCell.swift */ = {isa = PBXFileReference; lastKnownFileType = sourcecode.swift; path = CharacterTableViewCell.swift; sourceTree = "<group>"; };
		4AD9771E2B7825500073CB1C /* SearchCharacterViewModel.swift */ = {isa = PBXFileReference; lastKnownFileType = sourcecode.swift; path = SearchCharacterViewModel.swift; sourceTree = "<group>"; };
		4AD977202B7EF1740073CB1C /* CharacterDetailsViewController.swift */ = {isa = PBXFileReference; lastKnownFileType = sourcecode.swift; path = CharacterDetailsViewController.swift; sourceTree = "<group>"; };
		4AD977232B7EF1970073CB1C /* CharacterDetailsView.swift */ = {isa = PBXFileReference; lastKnownFileType = sourcecode.swift; path = CharacterDetailsView.swift; sourceTree = "<group>"; };
		4AEA580B2B7448D400EB5E80 /* MarvelFavorites.app */ = {isa = PBXFileReference; explicitFileType = wrapper.application; includeInIndex = 0; path = MarvelFavorites.app; sourceTree = BUILT_PRODUCTS_DIR; };
		4AEA580E2B7448D400EB5E80 /* AppDelegate.swift */ = {isa = PBXFileReference; lastKnownFileType = sourcecode.swift; path = AppDelegate.swift; sourceTree = "<group>"; };
		4AEA58102B7448D400EB5E80 /* SceneDelegate.swift */ = {isa = PBXFileReference; lastKnownFileType = sourcecode.swift; path = SceneDelegate.swift; sourceTree = "<group>"; };
		4AEA58172B7448D400EB5E80 /* Assets.xcassets */ = {isa = PBXFileReference; lastKnownFileType = folder.assetcatalog; path = Assets.xcassets; sourceTree = "<group>"; };
		4AEA581A2B7448D400EB5E80 /* Base */ = {isa = PBXFileReference; lastKnownFileType = file.storyboard; name = Base; path = Base.lproj/LaunchScreen.storyboard; sourceTree = "<group>"; };
		4AEA581C2B7448D400EB5E80 /* Info.plist */ = {isa = PBXFileReference; lastKnownFileType = text.plist.xml; path = Info.plist; sourceTree = "<group>"; };
/* End PBXFileReference section */

/* Begin PBXFrameworksBuildPhase section */
		4AEA58082B7448D400EB5E80 /* Frameworks */ = {
			isa = PBXFrameworksBuildPhase;
			buildActionMask = 2147483647;
			files = (
			);
			runOnlyForDeploymentPostprocessing = 0;
		};
/* End PBXFrameworksBuildPhase section */

/* Begin PBXGroup section */
		4AD977032B7453A40073CB1C /* ViewController */ = {
			isa = PBXGroup;
			children = (
				4AD977072B7454940073CB1C /* TabBarController.swift */,
				4AD977142B759A120073CB1C /* SearchCharacters */,
				4AD977222B7EF1800073CB1C /* CharacterDetails */,
			);
			path = ViewController;
			sourceTree = "<group>";
		};
		4AD977042B7453DA0073CB1C /* Model */ = {
			isa = PBXGroup;
			children = (
				4AD9770E2B7590820073CB1C /* CharacterDataWrapper.swift */,
			);
			path = Model;
			sourceTree = "<group>";
		};
		4AD977052B7453E40073CB1C /* ViewModel */ = {
			isa = PBXGroup;
			children = (
				4AD9771E2B7825500073CB1C /* SearchCharacterViewModel.swift */,
			);
			path = ViewModel;
			sourceTree = "<group>";
		};
		4AD977062B7453FC0073CB1C /* Network */ = {
			isa = PBXGroup;
			children = (
				4AD977092B7455EF0073CB1C /* MarvelClient.swift */,
			);
			path = Network;
			sourceTree = "<group>";
		};
		4AD9770B2B758C730073CB1C /* Helper */ = {
			isa = PBXGroup;
			children = (
				4AD9770C2B758C930073CB1C /* String+MD5.swift */,
			);
			path = Helper;
			sourceTree = "<group>";
		};
		4AD977142B759A120073CB1C /* SearchCharacters */ = {
			isa = PBXGroup;
			children = (
				4AD9771B2B7819240073CB1C /* View */,
				4AD977102B7598D20073CB1C /* SearchCharactersViewController.swift */,
			);
			path = SearchCharacters;
			sourceTree = "<group>";
		};
		4AD9771B2B7819240073CB1C /* View */ = {
			isa = PBXGroup;
			children = (
				4AD977152B759A2F0073CB1C /* SearchCharactersView.swift */,
				4AD977172B7815BD0073CB1C /* SearchCharactersView+SearchBarDelegate.swift */,
				4AD977192B7819120073CB1C /* SearchCharactersView+TableView.swift */,
				4AD9771C2B781A590073CB1C /* CharacterTableViewCell.swift */,
			);
			path = View;
			sourceTree = "<group>";
		};
		4AD977222B7EF1800073CB1C /* CharacterDetails */ = {
			isa = PBXGroup;
			children = (
				4AD977232B7EF1970073CB1C /* CharacterDetailsView.swift */,
				4AD977202B7EF1740073CB1C /* CharacterDetailsViewController.swift */,
			);
			path = CharacterDetails;
			sourceTree = "<group>";
		};
		4AEA58022B7448D300EB5E80 = {
			isa = PBXGroup;
			children = (
				4AEA580D2B7448D400EB5E80 /* MarvelFavorites */,
				4AEA580C2B7448D400EB5E80 /* Products */,
			);
			sourceTree = "<group>";
		};
		4AEA580C2B7448D400EB5E80 /* Products */ = {
			isa = PBXGroup;
			children = (
				4AEA580B2B7448D400EB5E80 /* MarvelFavorites.app */,
			);
			name = Products;
			sourceTree = "<group>";
		};
		4AEA580D2B7448D400EB5E80 /* MarvelFavorites */ = {
			isa = PBXGroup;
			children = (
				4AEA58222B74490800EB5E80 /* AppDelegate */,
				4AD9770B2B758C730073CB1C /* Helper */,
				4AD977062B7453FC0073CB1C /* Network */,
				4AD977042B7453DA0073CB1C /* Model */,
				4AD977032B7453A40073CB1C /* ViewController */,
				4AD977052B7453E40073CB1C /* ViewModel */,
				4AEA58172B7448D400EB5E80 /* Assets.xcassets */,
				4AEA58192B7448D400EB5E80 /* LaunchScreen.storyboard */,
				4AEA581C2B7448D400EB5E80 /* Info.plist */,
			);
			path = MarvelFavorites;
			sourceTree = "<group>";
		};
		4AEA58222B74490800EB5E80 /* AppDelegate */ = {
			isa = PBXGroup;
			children = (
				4AEA580E2B7448D400EB5E80 /* AppDelegate.swift */,
				4AEA58102B7448D400EB5E80 /* SceneDelegate.swift */,
			);
			path = AppDelegate;
			sourceTree = "<group>";
		};
/* End PBXGroup section */

/* Begin PBXNativeTarget section */
		4AEA580A2B7448D400EB5E80 /* MarvelFavorites */ = {
			isa = PBXNativeTarget;
			buildConfigurationList = 4AEA581F2B7448D400EB5E80 /* Build configuration list for PBXNativeTarget "MarvelFavorites" */;
			buildPhases = (
				4AEA58072B7448D400EB5E80 /* Sources */,
				4AEA58082B7448D400EB5E80 /* Frameworks */,
				4AEA58092B7448D400EB5E80 /* Resources */,
				4AEDDBA92B744F4E0063CEE2 /* Lint */,
			);
			buildRules = (
			);
			dependencies = (
			);
			name = MarvelFavorites;
			productName = MarvelFavorites;
			productReference = 4AEA580B2B7448D400EB5E80 /* MarvelFavorites.app */;
			productType = "com.apple.product-type.application";
		};
/* End PBXNativeTarget section */

/* Begin PBXProject section */
		4AEA58032B7448D300EB5E80 /* Project object */ = {
			isa = PBXProject;
			attributes = {
				BuildIndependentTargetsInParallel = 1;
				LastSwiftUpdateCheck = 1430;
				LastUpgradeCheck = 1430;
				TargetAttributes = {
					4AEA580A2B7448D400EB5E80 = {
						CreatedOnToolsVersion = 14.3.1;
					};
				};
			};
			buildConfigurationList = 4AEA58062B7448D400EB5E80 /* Build configuration list for PBXProject "MarvelFavorites" */;
			compatibilityVersion = "Xcode 14.0";
			developmentRegion = en;
			hasScannedForEncodings = 0;
			knownRegions = (
				en,
				Base,
			);
			mainGroup = 4AEA58022B7448D300EB5E80;
			productRefGroup = 4AEA580C2B7448D400EB5E80 /* Products */;
			projectDirPath = "";
			projectRoot = "";
			targets = (
				4AEA580A2B7448D400EB5E80 /* MarvelFavorites */,
			);
		};
/* End PBXProject section */

/* Begin PBXResourcesBuildPhase section */
		4AEA58092B7448D400EB5E80 /* Resources */ = {
			isa = PBXResourcesBuildPhase;
			buildActionMask = 2147483647;
			files = (
				4AEA581B2B7448D400EB5E80 /* LaunchScreen.storyboard in Resources */,
				4AEA58182B7448D400EB5E80 /* Assets.xcassets in Resources */,
			);
			runOnlyForDeploymentPostprocessing = 0;
		};
/* End PBXResourcesBuildPhase section */

/* Begin PBXShellScriptBuildPhase section */
		4AEDDBA92B744F4E0063CEE2 /* Lint */ = {
			isa = PBXShellScriptBuildPhase;
			alwaysOutOfDate = 1;
			buildActionMask = 2147483647;
			files = (
			);
			inputFileListPaths = (
			);
			inputPaths = (
			);
			name = Lint;
			outputFileListPaths = (
			);
			outputPaths = (
			);
			runOnlyForDeploymentPostprocessing = 0;
			shellPath = /bin/sh;
			shellScript = "# Type a script or drag a script file from your workspace to insert its path.\nif which swiftlint >/dev/null; then \n    swiftlint\nelse \n    echo \"warning: SwiftLint not installed, download from https: //github.com/realm/SwiftLint\"\nfi\n";
		};
/* End PBXShellScriptBuildPhase section */

/* Begin PBXSourcesBuildPhase section */
		4AEA58072B7448D400EB5E80 /* Sources */ = {
			isa = PBXSourcesBuildPhase;
			buildActionMask = 2147483647;
			files = (
				4AD977212B7EF1740073CB1C /* CharacterDetailsViewController.swift in Sources */,
				4AD977082B7454940073CB1C /* TabBarController.swift in Sources */,
				4AEA580F2B7448D400EB5E80 /* AppDelegate.swift in Sources */,
				4AD977242B7EF1970073CB1C /* CharacterDetailsView.swift in Sources */,
				4AD977182B7815BD0073CB1C /* SearchCharactersView+SearchBarDelegate.swift in Sources */,
				4AD977112B7598D20073CB1C /* SearchCharactersViewController.swift in Sources */,
				4AD9771F2B7825500073CB1C /* SearchCharacterViewModel.swift in Sources */,
				4AD9771A2B7819120073CB1C /* SearchCharactersView+TableView.swift in Sources */,
				4AD9771D2B781A590073CB1C /* CharacterTableViewCell.swift in Sources */,
				4AD9770D2B758C940073CB1C /* String+MD5.swift in Sources */,
				4AD9770F2B7590820073CB1C /* CharacterDataWrapper.swift in Sources */,
				4AEA58112B7448D400EB5E80 /* SceneDelegate.swift in Sources */,
				4AD977162B759A2F0073CB1C /* SearchCharactersView.swift in Sources */,
				4AD9770A2B7455EF0073CB1C /* MarvelClient.swift in Sources */,
			);
			runOnlyForDeploymentPostprocessing = 0;
		};
/* End PBXSourcesBuildPhase section */

/* Begin PBXVariantGroup section */
		4AEA58192B7448D400EB5E80 /* LaunchScreen.storyboard */ = {
			isa = PBXVariantGroup;
			children = (
				4AEA581A2B7448D400EB5E80 /* Base */,
			);
			name = LaunchScreen.storyboard;
			sourceTree = "<group>";
		};
/* End PBXVariantGroup section */

/* Begin XCBuildConfiguration section */
		4AEA581D2B7448D400EB5E80 /* Debug */ = {
			isa = XCBuildConfiguration;
			buildSettings = {
				ALWAYS_SEARCH_USER_PATHS = NO;
				CLANG_ANALYZER_NONNULL = YES;
				CLANG_ANALYZER_NUMBER_OBJECT_CONVERSION = YES_AGGRESSIVE;
				CLANG_CXX_LANGUAGE_STANDARD = "gnu++20";
				CLANG_ENABLE_MODULES = YES;
				CLANG_ENABLE_OBJC_ARC = YES;
				CLANG_ENABLE_OBJC_WEAK = YES;
				CLANG_WARN_BLOCK_CAPTURE_AUTORELEASING = YES;
				CLANG_WARN_BOOL_CONVERSION = YES;
				CLANG_WARN_COMMA = YES;
				CLANG_WARN_CONSTANT_CONVERSION = YES;
				CLANG_WARN_DEPRECATED_OBJC_IMPLEMENTATIONS = YES;
				CLANG_WARN_DIRECT_OBJC_ISA_USAGE = YES_ERROR;
				CLANG_WARN_DOCUMENTATION_COMMENTS = YES;
				CLANG_WARN_EMPTY_BODY = YES;
				CLANG_WARN_ENUM_CONVERSION = YES;
				CLANG_WARN_INFINITE_RECURSION = YES;
				CLANG_WARN_INT_CONVERSION = YES;
				CLANG_WARN_NON_LITERAL_NULL_CONVERSION = YES;
				CLANG_WARN_OBJC_IMPLICIT_RETAIN_SELF = YES;
				CLANG_WARN_OBJC_LITERAL_CONVERSION = YES;
				CLANG_WARN_OBJC_ROOT_CLASS = YES_ERROR;
				CLANG_WARN_QUOTED_INCLUDE_IN_FRAMEWORK_HEADER = YES;
				CLANG_WARN_RANGE_LOOP_ANALYSIS = YES;
				CLANG_WARN_STRICT_PROTOTYPES = YES;
				CLANG_WARN_SUSPICIOUS_MOVE = YES;
				CLANG_WARN_UNGUARDED_AVAILABILITY = YES_AGGRESSIVE;
				CLANG_WARN_UNREACHABLE_CODE = YES;
				CLANG_WARN__DUPLICATE_METHOD_MATCH = YES;
				COPY_PHASE_STRIP = NO;
				DEBUG_INFORMATION_FORMAT = dwarf;
				ENABLE_STRICT_OBJC_MSGSEND = YES;
				ENABLE_TESTABILITY = YES;
				GCC_C_LANGUAGE_STANDARD = gnu11;
				GCC_DYNAMIC_NO_PIC = NO;
				GCC_NO_COMMON_BLOCKS = YES;
				GCC_OPTIMIZATION_LEVEL = 0;
				GCC_PREPROCESSOR_DEFINITIONS = (
					"DEBUG=1",
					"$(inherited)",
				);
				GCC_WARN_64_TO_32_BIT_CONVERSION = YES;
				GCC_WARN_ABOUT_RETURN_TYPE = YES_ERROR;
				GCC_WARN_UNDECLARED_SELECTOR = YES;
				GCC_WARN_UNINITIALIZED_AUTOS = YES_AGGRESSIVE;
				GCC_WARN_UNUSED_FUNCTION = YES;
				GCC_WARN_UNUSED_VARIABLE = YES;
				IPHONEOS_DEPLOYMENT_TARGET = 16.4;
				MTL_ENABLE_DEBUG_INFO = INCLUDE_SOURCE;
				MTL_FAST_MATH = YES;
				ONLY_ACTIVE_ARCH = YES;
				SDKROOT = iphoneos;
				SWIFT_ACTIVE_COMPILATION_CONDITIONS = DEBUG;
				SWIFT_OPTIMIZATION_LEVEL = "-Onone";
			};
			name = Debug;
		};
		4AEA581E2B7448D400EB5E80 /* Release */ = {
			isa = XCBuildConfiguration;
			buildSettings = {
				ALWAYS_SEARCH_USER_PATHS = NO;
				CLANG_ANALYZER_NONNULL = YES;
				CLANG_ANALYZER_NUMBER_OBJECT_CONVERSION = YES_AGGRESSIVE;
				CLANG_CXX_LANGUAGE_STANDARD = "gnu++20";
				CLANG_ENABLE_MODULES = YES;
				CLANG_ENABLE_OBJC_ARC = YES;
				CLANG_ENABLE_OBJC_WEAK = YES;
				CLANG_WARN_BLOCK_CAPTURE_AUTORELEASING = YES;
				CLANG_WARN_BOOL_CONVERSION = YES;
				CLANG_WARN_COMMA = YES;
				CLANG_WARN_CONSTANT_CONVERSION = YES;
				CLANG_WARN_DEPRECATED_OBJC_IMPLEMENTATIONS = YES;
				CLANG_WARN_DIRECT_OBJC_ISA_USAGE = YES_ERROR;
				CLANG_WARN_DOCUMENTATION_COMMENTS = YES;
				CLANG_WARN_EMPTY_BODY = YES;
				CLANG_WARN_ENUM_CONVERSION = YES;
				CLANG_WARN_INFINITE_RECURSION = YES;
				CLANG_WARN_INT_CONVERSION = YES;
				CLANG_WARN_NON_LITERAL_NULL_CONVERSION = YES;
				CLANG_WARN_OBJC_IMPLICIT_RETAIN_SELF = YES;
				CLANG_WARN_OBJC_LITERAL_CONVERSION = YES;
				CLANG_WARN_OBJC_ROOT_CLASS = YES_ERROR;
				CLANG_WARN_QUOTED_INCLUDE_IN_FRAMEWORK_HEADER = YES;
				CLANG_WARN_RANGE_LOOP_ANALYSIS = YES;
				CLANG_WARN_STRICT_PROTOTYPES = YES;
				CLANG_WARN_SUSPICIOUS_MOVE = YES;
				CLANG_WARN_UNGUARDED_AVAILABILITY = YES_AGGRESSIVE;
				CLANG_WARN_UNREACHABLE_CODE = YES;
				CLANG_WARN__DUPLICATE_METHOD_MATCH = YES;
				COPY_PHASE_STRIP = NO;
				DEBUG_INFORMATION_FORMAT = "dwarf-with-dsym";
				ENABLE_NS_ASSERTIONS = NO;
				ENABLE_STRICT_OBJC_MSGSEND = YES;
				GCC_C_LANGUAGE_STANDARD = gnu11;
				GCC_NO_COMMON_BLOCKS = YES;
				GCC_WARN_64_TO_32_BIT_CONVERSION = YES;
				GCC_WARN_ABOUT_RETURN_TYPE = YES_ERROR;
				GCC_WARN_UNDECLARED_SELECTOR = YES;
				GCC_WARN_UNINITIALIZED_AUTOS = YES_AGGRESSIVE;
				GCC_WARN_UNUSED_FUNCTION = YES;
				GCC_WARN_UNUSED_VARIABLE = YES;
				IPHONEOS_DEPLOYMENT_TARGET = 16.4;
				MTL_ENABLE_DEBUG_INFO = NO;
				MTL_FAST_MATH = YES;
				SDKROOT = iphoneos;
				SWIFT_COMPILATION_MODE = wholemodule;
				SWIFT_OPTIMIZATION_LEVEL = "-O";
				VALIDATE_PRODUCT = YES;
			};
			name = Release;
		};
		4AEA58202B7448D400EB5E80 /* Debug */ = {
			isa = XCBuildConfiguration;
			buildSettings = {
				ASSETCATALOG_COMPILER_APPICON_NAME = AppIcon;
				ASSETCATALOG_COMPILER_GLOBAL_ACCENT_COLOR_NAME = AccentColor;
				CODE_SIGN_STYLE = Automatic;
				CURRENT_PROJECT_VERSION = 1;
				DEVELOPMENT_TEAM = 99R8R7S3RV;
				GENERATE_INFOPLIST_FILE = YES;
				INFOPLIST_FILE = MarvelFavorites/Info.plist;
				INFOPLIST_KEY_UIApplicationSupportsIndirectInputEvents = YES;
				INFOPLIST_KEY_UILaunchStoryboardName = LaunchScreen;
				INFOPLIST_KEY_UIMainStoryboardFile = "";
				INFOPLIST_KEY_UISupportedInterfaceOrientations_iPad = "UIInterfaceOrientationPortrait UIInterfaceOrientationPortraitUpsideDown UIInterfaceOrientationLandscapeLeft UIInterfaceOrientationLandscapeRight";
				INFOPLIST_KEY_UISupportedInterfaceOrientations_iPhone = "UIInterfaceOrientationPortrait UIInterfaceOrientationLandscapeLeft UIInterfaceOrientationLandscapeRight";
				IPHONEOS_DEPLOYMENT_TARGET = 15.0;
				LD_RUNPATH_SEARCH_PATHS = (
					"$(inherited)",
					"@executable_path/Frameworks",
				);
				MARKETING_VERSION = 1.0;
				PRODUCT_BUNDLE_IDENTIFIER = sideprojects.siq.MarvelFavorites;
				PRODUCT_NAME = "$(TARGET_NAME)";
				SWIFT_EMIT_LOC_STRINGS = YES;
				SWIFT_VERSION = 5.0;
				TARGETED_DEVICE_FAMILY = "1,2";
			};
			name = Debug;
		};
		4AEA58212B7448D400EB5E80 /* Release */ = {
			isa = XCBuildConfiguration;
			buildSettings = {
				ASSETCATALOG_COMPILER_APPICON_NAME = AppIcon;
				ASSETCATALOG_COMPILER_GLOBAL_ACCENT_COLOR_NAME = AccentColor;
				CODE_SIGN_STYLE = Automatic;
				CURRENT_PROJECT_VERSION = 1;
				DEVELOPMENT_TEAM = 99R8R7S3RV;
				GENERATE_INFOPLIST_FILE = YES;
				INFOPLIST_FILE = MarvelFavorites/Info.plist;
				INFOPLIST_KEY_UIApplicationSupportsIndirectInputEvents = YES;
				INFOPLIST_KEY_UILaunchStoryboardName = LaunchScreen;
				INFOPLIST_KEY_UIMainStoryboardFile = "";
				INFOPLIST_KEY_UISupportedInterfaceOrientations_iPad = "UIInterfaceOrientationPortrait UIInterfaceOrientationPortraitUpsideDown UIInterfaceOrientationLandscapeLeft UIInterfaceOrientationLandscapeRight";
				INFOPLIST_KEY_UISupportedInterfaceOrientations_iPhone = "UIInterfaceOrientationPortrait UIInterfaceOrientationLandscapeLeft UIInterfaceOrientationLandscapeRight";
				IPHONEOS_DEPLOYMENT_TARGET = 15.0;
				LD_RUNPATH_SEARCH_PATHS = (
					"$(inherited)",
					"@executable_path/Frameworks",
				);
				MARKETING_VERSION = 1.0;
				PRODUCT_BUNDLE_IDENTIFIER = sideprojects.siq.MarvelFavorites;
				PRODUCT_NAME = "$(TARGET_NAME)";
				SWIFT_EMIT_LOC_STRINGS = YES;
				SWIFT_VERSION = 5.0;
				TARGETED_DEVICE_FAMILY = "1,2";
			};
			name = Release;
		};
/* End XCBuildConfiguration section */

/* Begin XCConfigurationList section */
		4AEA58062B7448D400EB5E80 /* Build configuration list for PBXProject "MarvelFavorites" */ = {
			isa = XCConfigurationList;
			buildConfigurations = (
				4AEA581D2B7448D400EB5E80 /* Debug */,
				4AEA581E2B7448D400EB5E80 /* Release */,
			);
			defaultConfigurationIsVisible = 0;
			defaultConfigurationName = Release;
		};
		4AEA581F2B7448D400EB5E80 /* Build configuration list for PBXNativeTarget "MarvelFavorites" */ = {
			isa = XCConfigurationList;
			buildConfigurations = (
				4AEA58202B7448D400EB5E80 /* Debug */,
				4AEA58212B7448D400EB5E80 /* Release */,
			);
			defaultConfigurationIsVisible = 0;
			defaultConfigurationName = Release;
		};
/* End XCConfigurationList section */
	};
	rootObject = 4AEA58032B7448D300EB5E80 /* Project object */;
}
